// !$*UTF8*$!
{
	archiveVersion = 1;
	classes = {
	};
	objectVersion = 46;
	objects = {

/* Begin PBXBuildFile section */
		458C46FB1BA0D4DD004160C7 /* Database.cpp in Sources */ = {isa = PBXBuildFile; fileRef = 458C46F91BA0D4DD004160C7 /* Database.cpp */; };
/* End PBXBuildFile section */

/* Begin PBXCopyFilesBuildPhase section */
		456C5C811BA0D3DB0050E8D8 /* CopyFiles */ = {
			isa = PBXCopyFilesBuildPhase;
			buildActionMask = 2147483647;
			dstPath = /usr/share/man/man1/;
			dstSubfolderSpec = 0;
			files = (
			);
			runOnlyForDeploymentPostprocessing = 1;
		};
/* End PBXCopyFilesBuildPhase section */

/* Begin PBXFileReference section */
		456C5C831BA0D3DB0050E8D8 /* sqliteweight-example */ = {isa = PBXFileReference; explicitFileType = "compiled.mach-o.executable"; includeInIndex = 0; path = "sqliteweight-example"; sourceTree = BUILT_PRODUCTS_DIR; };
		458C46F91BA0D4DD004160C7 /* Database.cpp */ = {isa = PBXFileReference; fileEncoding = 4; lastKnownFileType = sourcecode.cpp.cpp; name = Database.cpp; path = ../../source/sqlw/Database.cpp; sourceTree = "<group>"; };
		458C46FA1BA0D4DD004160C7 /* Database.h */ = {isa = PBXFileReference; fileEncoding = 4; lastKnownFileType = sourcecode.c.h; name = Database.h; path = ../../source/sqlw/Database.h; sourceTree = "<group>"; };
/* End PBXFileReference section */

/* Begin PBXFrameworksBuildPhase section */
		456C5C801BA0D3DB0050E8D8 /* Frameworks */ = {
			isa = PBXFrameworksBuildPhase;
			buildActionMask = 2147483647;
			files = (
			);
			runOnlyForDeploymentPostprocessing = 0;
		};
/* End PBXFrameworksBuildPhase section */

/* Begin PBXGroup section */
		456C5C7A1BA0D3DB0050E8D8 = {
			isa = PBXGroup;
			children = (
				458C46F81BA0D47C004160C7 /* sqliteweight */,
				458C46F51BA0D442004160C7 /* example */,
				456C5C841BA0D3DB0050E8D8 /* Products */,
			);
			sourceTree = "<group>";
		};
		456C5C841BA0D3DB0050E8D8 /* Products */ = {
			isa = PBXGroup;
			children = (
				456C5C831BA0D3DB0050E8D8 /* sqliteweight-example */,
			);
			name = Products;
			sourceTree = "<group>";
		};
		458C46F51BA0D442004160C7 /* example */ = {
			isa = PBXGroup;
			children = (
			);
			name = example;
			sourceTree = "<group>";
		};
		458C46F81BA0D47C004160C7 /* sqliteweight */ = {
			isa = PBXGroup;
			children = (
				458C46F91BA0D4DD004160C7 /* Database.cpp */,
				458C46FA1BA0D4DD004160C7 /* Database.h */,
			);
			name = sqliteweight;
			sourceTree = "<group>";
		};
/* End PBXGroup section */

/* Begin PBXNativeTarget section */
		456C5C821BA0D3DB0050E8D8 /* sqliteweight-example */ = {
			isa = PBXNativeTarget;
			buildConfigurationList = 456C5C8A1BA0D3DB0050E8D8 /* Build configuration list for PBXNativeTarget "sqliteweight-example" */;
			buildPhases = (
				456C5C7F1BA0D3DB0050E8D8 /* Sources */,
				456C5C801BA0D3DB0050E8D8 /* Frameworks */,
				456C5C811BA0D3DB0050E8D8 /* CopyFiles */,
			);
			buildRules = (
			);
			dependencies = (
			);
			name = "sqliteweight-example";
			productName = "sqliteweight-test";
			productReference = 456C5C831BA0D3DB0050E8D8 /* sqliteweight-example */;
			productType = "com.apple.product-type.tool";
		};
/* End PBXNativeTarget section */

/* Begin PBXProject section */
		456C5C7B1BA0D3DB0050E8D8 /* Project object */ = {
			isa = PBXProject;
			attributes = {
				LastUpgradeCheck = 0640;
				ORGANIZATIONNAME = "Aleksi Grön";
				TargetAttributes = {
					456C5C821BA0D3DB0050E8D8 = {
						CreatedOnToolsVersion = 6.4;
					};
				};
			};
			buildConfigurationList = 456C5C7E1BA0D3DB0050E8D8 /* Build configuration list for PBXProject "sqliteweight-example" */;
			compatibilityVersion = "Xcode 3.2";
			developmentRegion = English;
			hasScannedForEncodings = 0;
			knownRegions = (
				en,
			);
			mainGroup = 456C5C7A1BA0D3DB0050E8D8;
			productRefGroup = 456C5C841BA0D3DB0050E8D8 /* Products */;
			projectDirPath = "";
			projectRoot = "";
			targets = (
				456C5C821BA0D3DB0050E8D8 /* sqliteweight-example */,
			);
		};
/* End PBXProject section */

/* Begin PBXSourcesBuildPhase section */
		456C5C7F1BA0D3DB0050E8D8 /* Sources */ = {
			isa = PBXSourcesBuildPhase;
			buildActionMask = 2147483647;
			files = (
				458C46FB1BA0D4DD004160C7 /* Database.cpp in Sources */,
			);
			runOnlyForDeploymentPostprocessing = 0;
		};
/* End PBXSourcesBuildPhase section */

/* Begin XCBuildConfiguration section */
		456C5C881BA0D3DB0050E8D8 /* Debug */ = {
			isa = XCBuildConfiguration;
			buildSettings = {
				ALWAYS_SEARCH_USER_PATHS = NO;
				CLANG_CXX_LANGUAGE_STANDARD = "gnu++0x";
				CLANG_CXX_LIBRARY = "libc++";
				CLANG_ENABLE_MODULES = YES;
				CLANG_ENABLE_OBJC_ARC = YES;
				CLANG_WARN_BOOL_CONVERSION = YES;
				CLANG_WARN_CONSTANT_CONVERSION = YES;
				CLANG_WARN_DIRECT_OBJC_ISA_USAGE = YES_ERROR;
				CLANG_WARN_EMPTY_BODY = YES;
				CLANG_WARN_ENUM_CONVERSION = YES;
				CLANG_WARN_INT_CONVERSION = YES;
				CLANG_WARN_OBJC_ROOT_CLASS = YES_ERROR;
				CLANG_WARN_UNREACHABLE_CODE = YES;
				CLANG_WARN__DUPLICATE_METHOD_MATCH = YES;
				COPY_PHASE_STRIP = NO;
				DEBUG_INFORMATION_FORMAT = dwarf;
				ENABLE_STRICT_OBJC_MSGSEND = YES;
				GCC_C_LANGUAGE_STANDARD = gnu99;
				GCC_DYNAMIC_NO_PIC = NO;
				GCC_NO_COMMON_BLOCKS = YES;
				GCC_OPTIMIZATION_LEVEL = 0;
				GCC_PREPROCESSOR_DEFINITIONS = (
					"DEBUG=1",
					"$(inherited)",
				);
				GCC_SYMBOLS_PRIVATE_EXTERN = NO;
				GCC_WARN_64_TO_32_BIT_CONVERSION = YES;
				GCC_WARN_ABOUT_RETURN_TYPE = YES_ERROR;
				GCC_WARN_UNDECLARED_SELECTOR = YES;
				GCC_WARN_UNINITIALIZED_AUTOS = YES_AGGRESSIVE;
				GCC_WARN_UNUSED_FUNCTION = YES;
				GCC_WARN_UNUSED_VARIABLE = YES;
				MACOSX_DEPLOYMENT_TARGET = 10.10;
				MTL_ENABLE_DEBUG_INFO = YES;
				ONLY_ACTIVE_ARCH = YES;
				SDKROOT = macosx;
			};
			name = Debug;
		};
		456C5C891BA0D3DB0050E8D8 /* Release */ = {
			isa = XCBuildConfiguration;
			buildSettings = {
				ALWAYS_SEARCH_USER_PATHS = NO;
				CLANG_CXX_LANGUAGE_STANDARD = "gnu++0x";
				CLANG_CXX_LIBRARY = "libc++";
				CLANG_ENABLE_MODULES = YES;
				CLANG_ENABLE_OBJC_ARC = YES;
				CLANG_WARN_BOOL_CONVERSION = YES;
				CLANG_WARN_CONSTANT_CONVERSION = YES;
				CLANG_WARN_DIRECT_OBJC_ISA_USAGE = YES_ERROR;
				CLANG_WARN_EMPTY_BODY = YES;
				CLANG_WARN_ENUM_CONVERSION = YES;
				CLANG_WARN_INT_CONVERSION = YES;
				CLANG_WARN_OBJC_ROOT_CLASS = YES_ERROR;
				CLANG_WARN_UNREACHABLE_CODE = YES;
				CLANG_WARN__DUPLICATE_METHOD_MATCH = YES;
				COPY_PHASE_STRIP = NO;
				DEBUG_INFORMATION_FORMAT = "dwarf-with-dsym";
				ENABLE_NS_ASSERTIONS = NO;
				ENABLE_STRICT_OBJC_MSGSEND = YES;
				GCC_C_LANGUAGE_STANDARD = gnu99;
				GCC_NO_COMMON_BLOCKS = YES;
				GCC_WARN_64_TO_32_BIT_CONVERSION = YES;
				GCC_WARN_ABOUT_RETURN_TYPE = YES_ERROR;
				GCC_WARN_UNDECLARED_SELECTOR = YES;
				GCC_WARN_UNINITIALIZED_AUTOS = YES_AGGRESSIVE;
				GCC_WARN_UNUSED_FUNCTION = YES;
				GCC_WARN_UNUSED_VARIABLE = YES;
				MACOSX_DEPLOYMENT_TARGET = 10.10;
				MTL_ENABLE_DEBUG_INFO = NO;
				SDKROOT = macosx;
			};
			name = Release;
		};
		456C5C8B1BA0D3DB0050E8D8 /* Debug */ = {
			isa = XCBuildConfiguration;
			buildSettings = {
				PRODUCT_NAME = "sqliteweight-example";
			};
			name = Debug;
		};
		456C5C8C1BA0D3DB0050E8D8 /* Release */ = {
			isa = XCBuildConfiguration;
			buildSettings = {
				PRODUCT_NAME = "sqliteweight-example";
			};
			name = Release;
		};
/* End XCBuildConfiguration section */

/* Begin XCConfigurationList section */
		456C5C7E1BA0D3DB0050E8D8 /* Build configuration list for PBXProject "sqliteweight-example" */ = {
			isa = XCConfigurationList;
			buildConfigurations = (
				456C5C881BA0D3DB0050E8D8 /* Debug */,
				456C5C891BA0D3DB0050E8D8 /* Release */,
			);
			defaultConfigurationIsVisible = 0;
			defaultConfigurationName = Release;
		};
		456C5C8A1BA0D3DB0050E8D8 /* Build configuration list for PBXNativeTarget "sqliteweight-example" */ = {
			isa = XCConfigurationList;
			buildConfigurations = (
				456C5C8B1BA0D3DB0050E8D8 /* Debug */,
				456C5C8C1BA0D3DB0050E8D8 /* Release */,
			);
			defaultConfigurationIsVisible = 0;
			defaultConfigurationName = Release;
		};
/* End XCConfigurationList section */
	};
	rootObject = 456C5C7B1BA0D3DB0050E8D8 /* Project object */;
}
